{
  "name": "proyectonodejs",
  "version": "1.0.0",
  "lockfileVersion": 2,
  "requires": true,
  "author": "Pablo Calito",
  "description": "proyecto1_de_nodejs",
  "license": "ISC",
  "main": "index.js",
  "packages": {
    "": {
      "name": "proyectonodejs",
      "version": "1.0.0",
      "license": "ISC"
    }
  },
  "scripts": {
    "test": "echo \"Error: no test specified\" && exit 1"
  }
}
